
Microsoft Visual Studio Solution File, Format Version 12.00
# Visual Studio Version 17
VisualStudioVersion = 17.11.35208.52
MinimumVisualStudioVersion = 10.0.40219.1
Project("{FAE04EC0-301F-11D3-BF4B-00C04F79EFBC}") = "Matrix", "Matrix\Matrix.csproj", "{2626097F-F595-47F4-BA1C-8261895C8663}"
EndProject
Global
	GlobalSection(SolutionConfigurationPlatforms) = preSolution
		Debug|Any CPU = Debug|Any CPU
		Release|Any CPU = Release|Any CPU
	EndGlobalSection
	GlobalSection(ProjectConfigurationPlatforms) = postSolution
		{2626097F-F595-47F4-BA1C-8261895C8663}.Debug|Any CPU.ActiveCfg = Debug|Any CPU
		{2626097F-F595-47F4-BA1C-8261895C8663}.Debug|Any CPU.Build.0 = Debug|Any CPU
		{2626097F-F595-47F4-BA1C-8261895C8663}.Release|Any CPU.ActiveCfg = Release|Any CPU
		{2626097F-F595-47F4-BA1C-8261895C8663}.Release|Any CPU.Build.0 = Release|Any CPU
	EndGlobalSection
	GlobalSection(SolutionProperties) = preSolution
		HideSolutionNode = FALSE
	EndGlobalSection
	GlobalSection(ExtensibilityGlobals) = postSolution
		SolutionGuid = {2A8A21CA-1826-4815-AC55-CE24DF156675}
	EndGlobalSection
EndGlobal
